
Microsoft Visual Studio Solution File, Format Version 12.00
# Visual Studio Version 17
VisualStudioVersion = 17.2.32602.215
MinimumVisualStudioVersion = 10.0.40219.1
Project("{9A19103F-16F7-4668-BE54-9A1E7A4F7556}") = "Codingstube", "Codingstube.csproj", "{FE95A0D5-ACD1-4AB5-878E-6B205E8B7CDB}"
EndProject
Global
	GlobalSection(SolutionConfigurationPlatforms) = preSolution
		Debug|Any CPU = Debug|Any CPU
		Release|Any CPU = Release|Any CPU
	EndGlobalSection
	GlobalSection(ProjectConfigurationPlatforms) = postSolution
		{FE95A0D5-ACD1-4AB5-878E-6B205E8B7CDB}.Debug|Any CPU.ActiveCfg = Debug|Any CPU
		{FE95A0D5-ACD1-4AB5-878E-6B205E8B7CDB}.Debug|Any CPU.Build.0 = Debug|Any CPU
		{FE95A0D5-ACD1-4AB5-878E-6B205E8B7CDB}.Release|Any CPU.ActiveCfg = Release|Any CPU
		{FE95A0D5-ACD1-4AB5-878E-6B205E8B7CDB}.Release|Any CPU.Build.0 = Release|Any CPU
	EndGlobalSection
	GlobalSection(SolutionProperties) = preSolution
		HideSolutionNode = FALSE
	EndGlobalSection
	GlobalSection(ExtensibilityGlobals) = postSolution
		SolutionGuid = {68C02946-CA69-41CE-B9E1-D85FB2219749}
	EndGlobalSection
EndGlobal
